
Microsoft Visual Studio Solution File, Format Version 12.00
# Visual Studio Version 16
VisualStudioVersion = 16.0.31702.278
MinimumVisualStudioVersion = 10.0.40219.1
Project("{FAE04EC0-301F-11D3-BF4B-00C04F79EFBC}") = "Naipealejandra", "Naipealejandra\Naipealejandra.csproj", "{5E9E053E-E436-45D6-9201-FEC3E4EA400D}"
EndProject
Global
	GlobalSection(SolutionConfigurationPlatforms) = preSolution
		Debug|Any CPU = Debug|Any CPU
		Release|Any CPU = Release|Any CPU
	EndGlobalSection
	GlobalSection(ProjectConfigurationPlatforms) = postSolution
		{5E9E053E-E436-45D6-9201-FEC3E4EA400D}.Debug|Any CPU.ActiveCfg = Debug|Any CPU
		{5E9E053E-E436-45D6-9201-FEC3E4EA400D}.Debug|Any CPU.Build.0 = Debug|Any CPU
		{5E9E053E-E436-45D6-9201-FEC3E4EA400D}.Release|Any CPU.ActiveCfg = Release|Any CPU
		{5E9E053E-E436-45D6-9201-FEC3E4EA400D}.Release|Any CPU.Build.0 = Release|Any CPU
	EndGlobalSection
	GlobalSection(SolutionProperties) = preSolution
		HideSolutionNode = FALSE
	EndGlobalSection
	GlobalSection(ExtensibilityGlobals) = postSolution
		SolutionGuid = {75FADB97-6470-410D-93AA-3AE01B779F98}
	EndGlobalSection
EndGlobal
